
Microsoft Visual Studio Solution File, Format Version 12.00
# Visual Studio Version 17
VisualStudioVersion = 17.13.35919.96
MinimumVisualStudioVersion = 10.0.40219.1
Project("{FAE04EC0-301F-11D3-BF4B-00C04F79EFBC}") = "SFCDashboard", "SFCDashboard\SFCDashboard.csproj", "{62D9CC61-9B22-4EEF-B22F-F10B53BA042B}"
EndProject
Project("{FAE04EC0-301F-11D3-BF4B-00C04F79EFBC}") = "SFCDashboard.Api", "SFCDashboard.Api\SFCDashboard.Api.csproj", "{A1B2C3D4-E5F6-7890-1234-567890ABCDEF}"
EndProject
Project("{FAE04EC0-301F-11D3-BF4B-00C04F79EFBC}") = "SFCDashboard.EscalationService", "SFCDashboard.EscalationService\SFCDashboard.EscalationService.csproj", "{AC2BC65D-CD69-4594-B3AF-F629A611DAB0}"
EndProject
Global
	GlobalSection(SolutionConfigurationPlatforms) = preSolution
		Debug|Any CPU = Debug|Any CPU
		Release|Any CPU = Release|Any CPU
	EndGlobalSection
	GlobalSection(ProjectConfigurationPlatforms) = postSolution
		{62D9CC61-9B22-4EEF-B22F-F10B53BA042B}.Debug|Any CPU.ActiveCfg = Debug|Any CPU
		{62D9CC61-9B22-4EEF-B22F-F10B53BA042B}.Debug|Any CPU.Build.0 = Debug|Any CPU
		{62D9CC61-9B22-4EEF-B22F-F10B53BA042B}.Release|Any CPU.ActiveCfg = Release|Any CPU
		{62D9CC61-9B22-4EEF-B22F-F10B53BA042B}.Release|Any CPU.Build.0 = Release|Any CPU
		{A1B2C3D4-E5F6-7890-1234-567890ABCDEF}.Debug|Any CPU.ActiveCfg = Debug|Any CPU
		{A1B2C3D4-E5F6-7890-1234-567890ABCDEF}.Debug|Any CPU.Build.0 = Debug|Any CPU
		{A1B2C3D4-E5F6-7890-1234-567890ABCDEF}.Release|Any CPU.ActiveCfg = Release|Any CPU
		{A1B2C3D4-E5F6-7890-1234-567890ABCDEF}.Release|Any CPU.Build.0 = Release|Any CPU
		{AC2BC65D-CD69-4594-B3AF-F629A611DAB0}.Debug|Any CPU.ActiveCfg = Debug|Any CPU
		{AC2BC65D-CD69-4594-B3AF-F629A611DAB0}.Debug|Any CPU.Build.0 = Debug|Any CPU
		{AC2BC65D-CD69-4594-B3AF-F629A611DAB0}.Release|Any CPU.ActiveCfg = Release|Any CPU
		{AC2BC65D-CD69-4594-B3AF-F629A611DAB0}.Release|Any CPU.Build.0 = Release|Any CPU
	EndGlobalSection
	GlobalSection(SolutionProperties) = preSolution
		HideSolutionNode = FALSE
	EndGlobalSection
	GlobalSection(ExtensibilityGlobals) = postSolution
		SolutionGuid = {2AA67260-2019-4A16-8F40-2FD0A6B5C8D3}
	EndGlobalSection
EndGlobal
